// !$*UTF8*$!
{
	archiveVersion = 1;
	classes = {
	};
	objectVersion = 63;
	objects = {

/* Begin PBXBuildFile section */
		217524472CB975B900D19AC6 /* StartBanner.swift in Sources */ = {isa = PBXBuildFile; fileRef = 217524462CB975B100D19AC6 /* StartBanner.swift */; };
		217524492CB9764A00D19AC6 /* PromoBanner.swift in Sources */ = {isa = PBXBuildFile; fileRef = 217524482CB9764200D19AC6 /* PromoBanner.swift */; };
		2175244D2CB978D800D19AC6 /* Carousel.swift in Sources */ = {isa = PBXBuildFile; fileRef = 2175244C2CB978CA00D19AC6 /* Carousel.swift */; };
		2175244F2CB97B8200D19AC6 /* PromoBannerStruct.swift in Sources */ = {isa = PBXBuildFile; fileRef = 2175244E2CB97B7800D19AC6 /* PromoBannerStruct.swift */; };
		217524532CB984BB00D19AC6 /* AddressChooseScreen.swift in Sources */ = {isa = PBXBuildFile; fileRef = 217524522CB984AD00D19AC6 /* AddressChooseScreen.swift */; };
		219356692CB985D8000C10E2 /* UserDataScreen.swift in Sources */ = {isa = PBXBuildFile; fileRef = 219356682CB985D1000C10E2 /* UserDataScreen.swift */; };
		2193566B2CB986BB000C10E2 /* PrepayScreen.swift in Sources */ = {isa = PBXBuildFile; fileRef = 2193566A2CB986B5000C10E2 /* PrepayScreen.swift */; };
		2193566F2CB98B20000C10E2 /* Field.swift in Sources */ = {isa = PBXBuildFile; fileRef = 2193566E2CB98B1D000C10E2 /* Field.swift */; };
		219356712CB98D34000C10E2 /* Promo.swift in Sources */ = {isa = PBXBuildFile; fileRef = 219356702CB98D32000C10E2 /* Promo.swift */; };
		219356742CB99D10000C10E2 /* OrderArchive.swift in Sources */ = {isa = PBXBuildFile; fileRef = 219356732CB99D00000C10E2 /* OrderArchive.swift */; };
		21AA4F732CBE42650029B790 /* Constants.swift in Sources */ = {isa = PBXBuildFile; fileRef = 21AA4F722CBE42610029B790 /* Constants.swift */; };
		21B23BFF2CBE609500C49DA4 /* ACarousel in Frameworks */ = {isa = PBXBuildFile; productRef = 21B23BFE2CBE609500C49DA4 /* ACarousel */; };
		21EED0C62CBE373000991685 /* CroissantOne-Regular.ttf in Resources */ = {isa = PBXBuildFile; fileRef = 21EED0C52CBE373000991685 /* CroissantOne-Regular.ttf */; };
		21EFBF1D2CB7CD9B003F4ACB /* Alegreya-Bold.ttf in Resources */ = {isa = PBXBuildFile; fileRef = 21EFBEAA2CB7CD9B003F4ACB /* Alegreya-Bold.ttf */; };
		21EFBF1E2CB7CD9B003F4ACB /* Alegreya-Regular.ttf in Resources */ = {isa = PBXBuildFile; fileRef = 21EFBEAB2CB7CD9B003F4ACB /* Alegreya-Regular.ttf */; };
		21EFBF1F2CB7CD9B003F4ACB /* Assets.xcassets in Resources */ = {isa = PBXBuildFile; fileRef = 21EFBEAD2CB7CD9B003F4ACB /* Assets.xcassets */; };
		21EFBF202CB7CD9B003F4ACB /* GoogleService-Info.plist in Resources */ = {isa = PBXBuildFile; fileRef = 21EFBEB02CB7CD9B003F4ACB /* GoogleService-Info.plist */; };
		21EFBF222CB7CD9B003F4ACB /* Preview Assets.xcassets in Resources */ = {isa = PBXBuildFile; fileRef = 21EFBEE12CB7CD9B003F4ACB /* Preview Assets.xcassets */; };
		21EFBF232CB7CD9B003F4ACB /* AppDelegate.swift in Sources */ = {isa = PBXBuildFile; fileRef = 21EFBEAF2CB7CD9B003F4ACB /* AppDelegate.swift */; };
		21EFBF242CB7CD9B003F4ACB /* ProjectApp.swift in Sources */ = {isa = PBXBuildFile; fileRef = 21EFBEB22CB7CD9B003F4ACB /* ProjectApp.swift */; };
		21EFBF252CB7CD9B003F4ACB /* AcceptField.swift in Sources */ = {isa = PBXBuildFile; fileRef = 21EFBEB52CB7CD9B003F4ACB /* AcceptField.swift */; };
		21EFBF262CB7CD9B003F4ACB /* BasicButton.swift in Sources */ = {isa = PBXBuildFile; fileRef = 21EFBEB62CB7CD9B003F4ACB /* BasicButton.swift */; };
		21EFBF272CB7CD9B003F4ACB /* BasicFeedItem.swift in Sources */ = {isa = PBXBuildFile; fileRef = 21EFBEB72CB7CD9B003F4ACB /* BasicFeedItem.swift */; };
		21EFBF292CB7CD9B003F4ACB /* CodeField.swift in Sources */ = {isa = PBXBuildFile; fileRef = 21EFBEB92CB7CD9B003F4ACB /* CodeField.swift */; };
		21EFBF2A2CB7CD9B003F4ACB /* FillField.swift in Sources */ = {isa = PBXBuildFile; fileRef = 21EFBEBA2CB7CD9B003F4ACB /* FillField.swift */; };
		21EFBF2B2CB7CD9B003F4ACB /* MainButton.swift in Sources */ = {isa = PBXBuildFile; fileRef = 21EFBEBB2CB7CD9B003F4ACB /* MainButton.swift */; };
		21EFBF2C2CB7CD9B003F4ACB /* OrderItem.swift in Sources */ = {isa = PBXBuildFile; fileRef = 21EFBEBC2CB7CD9B003F4ACB /* OrderItem.swift */; };
		21EFBF2D2CB7CD9B003F4ACB /* PickerItems.swift in Sources */ = {isa = PBXBuildFile; fileRef = 21EFBEBD2CB7CD9B003F4ACB /* PickerItems.swift */; };
		21EFBF2E2CB7CD9B003F4ACB /* PickerMenu.swift in Sources */ = {isa = PBXBuildFile; fileRef = 21EFBEBE2CB7CD9B003F4ACB /* PickerMenu.swift */; };
		21EFBF2F2CB7CD9B003F4ACB /* PickerMenuWithTip.swift in Sources */ = {isa = PBXBuildFile; fileRef = 21EFBEBF2CB7CD9B003F4ACB /* PickerMenuWithTip.swift */; };
		21EFBF302CB7CD9B003F4ACB /* PickerSeveralItems.swift in Sources */ = {isa = PBXBuildFile; fileRef = 21EFBEC02CB7CD9B003F4ACB /* PickerSeveralItems.swift */; };
		21EFBF312CB7CD9B003F4ACB /* RectangleImagePicker.swift in Sources */ = {isa = PBXBuildFile; fileRef = 21EFBEC12CB7CD9B003F4ACB /* RectangleImagePicker.swift */; };
		21EFBF322CB7CD9B003F4ACB /* RectangleImagePickerWithText.swift in Sources */ = {isa = PBXBuildFile; fileRef = 21EFBEC22CB7CD9B003F4ACB /* RectangleImagePickerWithText.swift */; };
		21EFBF332CB7CD9B003F4ACB /* BottomBarForm.swift in Sources */ = {isa = PBXBuildFile; fileRef = 21EFBEC42CB7CD9B003F4ACB /* BottomBarForm.swift */; };
		21EFBF342CB7CD9B003F4ACB /* NavigationBarBack.swift in Sources */ = {isa = PBXBuildFile; fileRef = 21EFBEC52CB7CD9B003F4ACB /* NavigationBarBack.swift */; };
		21EFBF352CB7CD9B003F4ACB /* NavigationBarForm.swift in Sources */ = {isa = PBXBuildFile; fileRef = 21EFBEC62CB7CD9B003F4ACB /* NavigationBarForm.swift */; };
		21EFBF362CB7CD9B003F4ACB /* TopHeaderText.swift in Sources */ = {isa = PBXBuildFile; fileRef = 21EFBEC72CB7CD9B003F4ACB /* TopHeaderText.swift */; };
		21EFBF372CB7CD9B003F4ACB /* StringData.swift in Sources */ = {isa = PBXBuildFile; fileRef = 21EFBEC92CB7CD9B003F4ACB /* StringData.swift */; };
		21EFBF382CB7CD9B003F4ACB /* RoundedCorners.swift in Sources */ = {isa = PBXBuildFile; fileRef = 21EFBECB2CB7CD9B003F4ACB /* RoundedCorners.swift */; };
		21EFBF392CB7CD9B003F4ACB /* HEX+.swift in Sources */ = {isa = PBXBuildFile; fileRef = 21EFBECD2CB7CD9B003F4ACB /* HEX+.swift */; };
		21EFBF3A2CB7CD9B003F4ACB /* EndEditing+.swift in Sources */ = {isa = PBXBuildFile; fileRef = 21EFBECF2CB7CD9B003F4ACB /* EndEditing+.swift */; };
		21EFBF3B2CB7CD9B003F4ACB /* Placeholder.swift in Sources */ = {isa = PBXBuildFile; fileRef = 21EFBED12CB7CD9B003F4ACB /* Placeholder.swift */; };
		21EFBF3C2CB7CD9B003F4ACB /* Split+.swift in Sources */ = {isa = PBXBuildFile; fileRef = 21EFBED32CB7CD9B003F4ACB /* Split+.swift */; };
		21EFBF3D2CB7CD9B003F4ACB /* ViewWrapper.swift in Sources */ = {isa = PBXBuildFile; fileRef = 21EFBED62CB7CD9B003F4ACB /* ViewWrapper.swift */; };
		21EFBF3E2CB7CD9B003F4ACB /* Enum.swift in Sources */ = {isa = PBXBuildFile; fileRef = 21EFBED82CB7CD9B003F4ACB /* Enum.swift */; };
		21EFBF3F2CB7CD9B003F4ACB /* Address.swift in Sources */ = {isa = PBXBuildFile; fileRef = 21EFBEDA2CB7CD9B003F4ACB /* Address.swift */; };
		21EFBF402CB7CD9B003F4ACB /* Order.swift in Sources */ = {isa = PBXBuildFile; fileRef = 21EFBEDB2CB7CD9B003F4ACB /* Order.swift */; };
		21EFBF412CB7CD9B003F4ACB /* MeasureFormModel.swift in Sources */ = {isa = PBXBuildFile; fileRef = 21EFBEDC2CB7CD9B003F4ACB /* MeasureFormModel.swift */; };
		21EFBF422CB7CD9B003F4ACB /* SmartFormModel.swift in Sources */ = {isa = PBXBuildFile; fileRef = 21EFBEDD2CB7CD9B003F4ACB /* SmartFormModel.swift */; };
		21EFBF432CB7CD9B003F4ACB /* StyleFormModel.swift in Sources */ = {isa = PBXBuildFile; fileRef = 21EFBEDE2CB7CD9B003F4ACB /* StyleFormModel.swift */; };
		21EFBF442CB7CD9B003F4ACB /* User.swift in Sources */ = {isa = PBXBuildFile; fileRef = 21EFBEDF2CB7CD9B003F4ACB /* User.swift */; };
		21EFBF452CB7CD9B003F4ACB /* CardManager.swift in Sources */ = {isa = PBXBuildFile; fileRef = 21EFBEE32CB7CD9B003F4ACB /* CardManager.swift */; };
		21EFBF462CB7CD9B003F4ACB /* ConnectionManager.swift in Sources */ = {isa = PBXBuildFile; fileRef = 21EFBEE42CB7CD9B003F4ACB /* ConnectionManager.swift */; };
		21EFBF472CB7CD9B003F4ACB /* DataManager.swift in Sources */ = {isa = PBXBuildFile; fileRef = 21EFBEE52CB7CD9B003F4ACB /* DataManager.swift */; };
		21EFBF482CB7CD9B003F4ACB /* FirebaseManager.swift in Sources */ = {isa = PBXBuildFile; fileRef = 21EFBEE62CB7CD9B003F4ACB /* FirebaseManager.swift */; };
		21EFBF492CB7CD9B003F4ACB /* UserDefaultsManager.swift in Sources */ = {isa = PBXBuildFile; fileRef = 21EFBEE72CB7CD9B003F4ACB /* UserDefaultsManager.swift */; };
		21EFBF4A2CB7CD9B003F4ACB /* ValidManager.swift in Sources */ = {isa = PBXBuildFile; fileRef = 21EFBEE82CB7CD9B003F4ACB /* ValidManager.swift */; };
		21EFBF4B2CB7CD9B003F4ACB /* SmartFormRouteManager.swift in Sources */ = {isa = PBXBuildFile; fileRef = 21EFBEEA2CB7CD9B003F4ACB /* SmartFormRouteManager.swift */; };
		21EFBF4C2CB7CD9B003F4ACB /* StyleFormRouteManager.swift in Sources */ = {isa = PBXBuildFile; fileRef = 21EFBEEB2CB7CD9B003F4ACB /* StyleFormRouteManager.swift */; };
		21EFBF4D2CB7CD9B003F4ACB /* ViewModel.swift in Sources */ = {isa = PBXBuildFile; fileRef = 21EFBEED2CB7CD9B003F4ACB /* ViewModel.swift */; };
		21EFBF4E2CB7CD9B003F4ACB /* MyAddressesScreen.swift in Sources */ = {isa = PBXBuildFile; fileRef = 21EFBEEF2CB7CD9B003F4ACB /* MyAddressesScreen.swift */; };
		21EFBF4F2CB7CD9B003F4ACB /* NewAddressScreen.swift in Sources */ = {isa = PBXBuildFile; fileRef = 21EFBEF02CB7CD9B003F4ACB /* NewAddressScreen.swift */; };
		21EFBF502CB7CD9B003F4ACB /* RegistrationScreen.swift in Sources */ = {isa = PBXBuildFile; fileRef = 21EFBEF22CB7CD9B003F4ACB /* RegistrationScreen.swift */; };
		21EFBF512CB7CD9B003F4ACB /* SignInScreen.swift in Sources */ = {isa = PBXBuildFile; fileRef = 21EFBEF32CB7CD9B003F4ACB /* SignInScreen.swift */; };
		21EFBF522CB7CD9B003F4ACB /* StartAuthScreen.swift in Sources */ = {isa = PBXBuildFile; fileRef = 21EFBEF42CB7CD9B003F4ACB /* StartAuthScreen.swift */; };
		21EFBF532CB7CD9B003F4ACB /* VerificationScreen.swift in Sources */ = {isa = PBXBuildFile; fileRef = 21EFBEF52CB7CD9B003F4ACB /* VerificationScreen.swift */; };
		21EFBF562CB7CD9B003F4ACB /* HomeScreen.swift in Sources */ = {isa = PBXBuildFile; fileRef = 21EFBEFA2CB7CD9B003F4ACB /* HomeScreen.swift */; };
		21EFBF572CB7CD9B003F4ACB /* LoadingScreen.swift in Sources */ = {isa = PBXBuildFile; fileRef = 21EFBEFC2CB7CD9B003F4ACB /* LoadingScreen.swift */; };
		21EFBF582CB7CD9B003F4ACB /* SavingInformation.swift in Sources */ = {isa = PBXBuildFile; fileRef = 21EFBEFD2CB7CD9B003F4ACB /* SavingInformation.swift */; };
		21EFBF592CB7CD9B003F4ACB /* MeasureFormScreen.swift in Sources */ = {isa = PBXBuildFile; fileRef = 21EFBEFF2CB7CD9B003F4ACB /* MeasureFormScreen.swift */; };
		21EFBF5A2CB7CD9B003F4ACB /* StartMeasureFormScreen.swift in Sources */ = {isa = PBXBuildFile; fileRef = 21EFBF002CB7CD9B003F4ACB /* StartMeasureFormScreen.swift */; };
		21EFBF5B2CB7CD9B003F4ACB /* OrdersScreen.swift in Sources */ = {isa = PBXBuildFile; fileRef = 21EFBF022CB7CD9B003F4ACB /* OrdersScreen.swift */; };
		21EFBF5C2CB7CD9B003F4ACB /* ProfileScreen.swift in Sources */ = {isa = PBXBuildFile; fileRef = 21EFBF042CB7CD9B003F4ACB /* ProfileScreen.swift */; };
		21EFBF5D2CB7CD9B003F4ACB /* SmartFormBodyTypeScreen.swift in Sources */ = {isa = PBXBuildFile; fileRef = 21EFBF062CB7CD9B003F4ACB /* SmartFormBodyTypeScreen.swift */; };
		21EFBF5E2CB7CD9B003F4ACB /* SmartFormBudgetScreen.swift in Sources */ = {isa = PBXBuildFile; fileRef = 21EFBF072CB7CD9B003F4ACB /* SmartFormBudgetScreen.swift */; };
		21EFBF5F2CB7CD9B003F4ACB /* SmartFormClothScreen.swift in Sources */ = {isa = PBXBuildFile; fileRef = 21EFBF082CB7CD9B003F4ACB /* SmartFormClothScreen.swift */; };
		21EFBF602CB7CD9B003F4ACB /* SmartFormFootAccessoriesScreen.swift in Sources */ = {isa = PBXBuildFile; fileRef = 21EFBF092CB7CD9B003F4ACB /* SmartFormFootAccessoriesScreen.swift */; };
		21EFBF612CB7CD9B003F4ACB /* SmartFormFootScreen.swift in Sources */ = {isa = PBXBuildFile; fileRef = 21EFBF0A2CB7CD9B003F4ACB /* SmartFormFootScreen.swift */; };
		21EFBF622CB7CD9B003F4ACB /* SmartFormGenderScreen.swift in Sources */ = {isa = PBXBuildFile; fileRef = 21EFBF0B2CB7CD9B003F4ACB /* SmartFormGenderScreen.swift */; };
		21EFBF632CB7CD9B003F4ACB /* SmartFormJacketScreen.swift in Sources */ = {isa = PBXBuildFile; fileRef = 21EFBF0C2CB7CD9B003F4ACB /* SmartFormJacketScreen.swift */; };
		21EFBF642CB7CD9B003F4ACB /* SmartFormPantsScreen.swift in Sources */ = {isa = PBXBuildFile; fileRef = 21EFBF0D2CB7CD9B003F4ACB /* SmartFormPantsScreen.swift */; };
		21EFBF652CB7CD9B003F4ACB /* SmartFormParamsScreen.swift in Sources */ = {isa = PBXBuildFile; fileRef = 21EFBF0E2CB7CD9B003F4ACB /* SmartFormParamsScreen.swift */; };
		21EFBF662CB7CD9B003F4ACB /* SmartFormShirtScreen.swift in Sources */ = {isa = PBXBuildFile; fileRef = 21EFBF0F2CB7CD9B003F4ACB /* SmartFormShirtScreen.swift */; };
		21EFBF672CB7CD9B003F4ACB /* SmartFormSizesScreen.swift in Sources */ = {isa = PBXBuildFile; fileRef = 21EFBF102CB7CD9B003F4ACB /* SmartFormSizesScreen.swift */; };
		21EFBF682CB7CD9B003F4ACB /* SmartFormSpecificBodyScreen.swift in Sources */ = {isa = PBXBuildFile; fileRef = 21EFBF112CB7CD9B003F4ACB /* SmartFormSpecificBodyScreen.swift */; };
		21EFBF692CB7CD9B003F4ACB /* SmartFormWearStyleScreen.swift in Sources */ = {isa = PBXBuildFile; fileRef = 21EFBF122CB7CD9B003F4ACB /* SmartFormWearStyleScreen.swift */; };
		21EFBF6A2CB7CD9B003F4ACB /* SmartFormWearTypeScreen.swift in Sources */ = {isa = PBXBuildFile; fileRef = 21EFBF132CB7CD9B003F4ACB /* SmartFormWearTypeScreen.swift */; };
		21EFBF6B2CB7CD9B003F4ACB /* StartSmartFormScreen.swift in Sources */ = {isa = PBXBuildFile; fileRef = 21EFBF142CB7CD9B003F4ACB /* StartSmartFormScreen.swift */; };
		21EFBF6C2CB7CD9B003F4ACB /* StartStyleFormScreen.swift in Sources */ = {isa = PBXBuildFile; fileRef = 21EFBF162CB7CD9B003F4ACB /* StartStyleFormScreen.swift */; };
		21EFBF6D2CB7CD9B003F4ACB /* StyleFormLikeColorScreen.swift in Sources */ = {isa = PBXBuildFile; fileRef = 21EFBF172CB7CD9B003F4ACB /* StyleFormLikeColorScreen.swift */; };
		21EFBF6E2CB7CD9B003F4ACB /* StyleFormLikeScreen.swift in Sources */ = {isa = PBXBuildFile; fileRef = 21EFBF182CB7CD9B003F4ACB /* StyleFormLikeScreen.swift */; };
		21EFBF6F2CB7CD9B003F4ACB /* TabScreen.swift in Sources */ = {isa = PBXBuildFile; fileRef = 21EFBF1A2CB7CD9B003F4ACB /* TabScreen.swift */; };
		21EFBF712CB7D55C003F4ACB /* Item.swift in Sources */ = {isa = PBXBuildFile; fileRef = 21EFBF702CB7D55A003F4ACB /* Item.swift */; };
		21EFBF732CB7D868003F4ACB /* OrderScreen.swift in Sources */ = {isa = PBXBuildFile; fileRef = 21EFBF722CB7D864003F4ACB /* OrderScreen.swift */; };
		21EFBF782CB7DD45003F4ACB /* StyleFormDislikeColorScreen.swift in Sources */ = {isa = PBXBuildFile; fileRef = 21EFBF772CB7DD3E003F4ACB /* StyleFormDislikeColorScreen.swift */; };
		21EFBF7A2CB7DE5B003F4ACB /* StyleFormPatternScreen.swift in Sources */ = {isa = PBXBuildFile; fileRef = 21EFBF792CB7DE4E003F4ACB /* StyleFormPatternScreen.swift */; };
		21EFBF7C2CB7DFC7003F4ACB /* StyleFormDislikedItemsScreen.swift in Sources */ = {isa = PBXBuildFile; fileRef = 21EFBF7B2CB7DFBE003F4ACB /* StyleFormDislikedItemsScreen.swift */; };
		44573ECA35DA1F8B77BB421A /* Pods_shic.framework in Frameworks */ = {isa = PBXBuildFile; fileRef = 25CA53B03B2D6F107D59479C /* Pods_shic.framework */; };
/* End PBXBuildFile section */

/* Begin PBXFileReference section */
		217524462CB975B100D19AC6 /* StartBanner.swift */ = {isa = PBXFileReference; lastKnownFileType = sourcecode.swift; path = StartBanner.swift; sourceTree = "<group>"; };
		217524482CB9764200D19AC6 /* PromoBanner.swift */ = {isa = PBXFileReference; lastKnownFileType = sourcecode.swift; path = PromoBanner.swift; sourceTree = "<group>"; };
		2175244C2CB978CA00D19AC6 /* Carousel.swift */ = {isa = PBXFileReference; lastKnownFileType = sourcecode.swift; path = Carousel.swift; sourceTree = "<group>"; };
		2175244E2CB97B7800D19AC6 /* PromoBannerStruct.swift */ = {isa = PBXFileReference; lastKnownFileType = sourcecode.swift; path = PromoBannerStruct.swift; sourceTree = "<group>"; };
		217524522CB984AD00D19AC6 /* AddressChooseScreen.swift */ = {isa = PBXFileReference; lastKnownFileType = sourcecode.swift; path = AddressChooseScreen.swift; sourceTree = "<group>"; };
		219356682CB985D1000C10E2 /* UserDataScreen.swift */ = {isa = PBXFileReference; lastKnownFileType = sourcecode.swift; path = UserDataScreen.swift; sourceTree = "<group>"; };
		2193566A2CB986B5000C10E2 /* PrepayScreen.swift */ = {isa = PBXFileReference; lastKnownFileType = sourcecode.swift; path = PrepayScreen.swift; sourceTree = "<group>"; };
		2193566E2CB98B1D000C10E2 /* Field.swift */ = {isa = PBXFileReference; lastKnownFileType = sourcecode.swift; path = Field.swift; sourceTree = "<group>"; };
		219356702CB98D32000C10E2 /* Promo.swift */ = {isa = PBXFileReference; lastKnownFileType = sourcecode.swift; path = Promo.swift; sourceTree = "<group>"; };
		219356732CB99D00000C10E2 /* OrderArchive.swift */ = {isa = PBXFileReference; lastKnownFileType = sourcecode.swift; path = OrderArchive.swift; sourceTree = "<group>"; };
		219979812CAFE2E4008688A5 /* shic.app */ = {isa = PBXFileReference; explicitFileType = wrapper.application; includeInIndex = 0; path = shic.app; sourceTree = BUILT_PRODUCTS_DIR; };
		21AA4F722CBE42610029B790 /* Constants.swift */ = {isa = PBXFileReference; lastKnownFileType = sourcecode.swift; path = Constants.swift; sourceTree = "<group>"; };
		21EED0C52CBE373000991685 /* CroissantOne-Regular.ttf */ = {isa = PBXFileReference; lastKnownFileType = file; path = "CroissantOne-Regular.ttf"; sourceTree = "<group>"; };
		21EFBEAA2CB7CD9B003F4ACB /* Alegreya-Bold.ttf */ = {isa = PBXFileReference; lastKnownFileType = file; path = "Alegreya-Bold.ttf"; sourceTree = "<group>"; };
		21EFBEAB2CB7CD9B003F4ACB /* Alegreya-Regular.ttf */ = {isa = PBXFileReference; lastKnownFileType = file; path = "Alegreya-Regular.ttf"; sourceTree = "<group>"; };
		21EFBEAD2CB7CD9B003F4ACB /* Assets.xcassets */ = {isa = PBXFileReference; lastKnownFileType = folder.assetcatalog; path = Assets.xcassets; sourceTree = "<group>"; };
		21EFBEAF2CB7CD9B003F4ACB /* AppDelegate.swift */ = {isa = PBXFileReference; lastKnownFileType = sourcecode.swift; path = AppDelegate.swift; sourceTree = "<group>"; };
		21EFBEB02CB7CD9B003F4ACB /* GoogleService-Info.plist */ = {isa = PBXFileReference; lastKnownFileType = text.plist.xml; path = "GoogleService-Info.plist"; sourceTree = "<group>"; };
		21EFBEB12CB7CD9B003F4ACB /* Info.plist */ = {isa = PBXFileReference; lastKnownFileType = text.plist.xml; path = Info.plist; sourceTree = "<group>"; };
		21EFBEB22CB7CD9B003F4ACB /* ProjectApp.swift */ = {isa = PBXFileReference; lastKnownFileType = sourcecode.swift; path = ProjectApp.swift; sourceTree = "<group>"; };
		21EFBEB32CB7CD9B003F4ACB /* shic.entitlements */ = {isa = PBXFileReference; lastKnownFileType = text.plist.entitlements; path = shic.entitlements; sourceTree = "<group>"; };
		21EFBEB52CB7CD9B003F4ACB /* AcceptField.swift */ = {isa = PBXFileReference; lastKnownFileType = sourcecode.swift; path = AcceptField.swift; sourceTree = "<group>"; };
		21EFBEB62CB7CD9B003F4ACB /* BasicButton.swift */ = {isa = PBXFileReference; lastKnownFileType = sourcecode.swift; path = BasicButton.swift; sourceTree = "<group>"; };
		21EFBEB72CB7CD9B003F4ACB /* BasicFeedItem.swift */ = {isa = PBXFileReference; lastKnownFileType = sourcecode.swift; path = BasicFeedItem.swift; sourceTree = "<group>"; };
		21EFBEB92CB7CD9B003F4ACB /* CodeField.swift */ = {isa = PBXFileReference; lastKnownFileType = sourcecode.swift; path = CodeField.swift; sourceTree = "<group>"; };
		21EFBEBA2CB7CD9B003F4ACB /* FillField.swift */ = {isa = PBXFileReference; lastKnownFileType = sourcecode.swift; path = FillField.swift; sourceTree = "<group>"; };
		21EFBEBB2CB7CD9B003F4ACB /* MainButton.swift */ = {isa = PBXFileReference; lastKnownFileType = sourcecode.swift; path = MainButton.swift; sourceTree = "<group>"; };
		21EFBEBC2CB7CD9B003F4ACB /* OrderItem.swift */ = {isa = PBXFileReference; lastKnownFileType = sourcecode.swift; path = OrderItem.swift; sourceTree = "<group>"; };
		21EFBEBD2CB7CD9B003F4ACB /* PickerItems.swift */ = {isa = PBXFileReference; lastKnownFileType = sourcecode.swift; path = PickerItems.swift; sourceTree = "<group>"; };
		21EFBEBE2CB7CD9B003F4ACB /* PickerMenu.swift */ = {isa = PBXFileReference; lastKnownFileType = sourcecode.swift; path = PickerMenu.swift; sourceTree = "<group>"; };
		21EFBEBF2CB7CD9B003F4ACB /* PickerMenuWithTip.swift */ = {isa = PBXFileReference; lastKnownFileType = sourcecode.swift; path = PickerMenuWithTip.swift; sourceTree = "<group>"; };
		21EFBEC02CB7CD9B003F4ACB /* PickerSeveralItems.swift */ = {isa = PBXFileReference; lastKnownFileType = sourcecode.swift; path = PickerSeveralItems.swift; sourceTree = "<group>"; };
		21EFBEC12CB7CD9B003F4ACB /* RectangleImagePicker.swift */ = {isa = PBXFileReference; lastKnownFileType = sourcecode.swift; path = RectangleImagePicker.swift; sourceTree = "<group>"; };
		21EFBEC22CB7CD9B003F4ACB /* RectangleImagePickerWithText.swift */ = {isa = PBXFileReference; lastKnownFileType = sourcecode.swift; path = RectangleImagePickerWithText.swift; sourceTree = "<group>"; };
		21EFBEC42CB7CD9B003F4ACB /* BottomBarForm.swift */ = {isa = PBXFileReference; lastKnownFileType = sourcecode.swift; path = BottomBarForm.swift; sourceTree = "<group>"; };
		21EFBEC52CB7CD9B003F4ACB /* NavigationBarBack.swift */ = {isa = PBXFileReference; lastKnownFileType = sourcecode.swift; path = NavigationBarBack.swift; sourceTree = "<group>"; };
		21EFBEC62CB7CD9B003F4ACB /* NavigationBarForm.swift */ = {isa = PBXFileReference; lastKnownFileType = sourcecode.swift; path = NavigationBarForm.swift; sourceTree = "<group>"; };
		21EFBEC72CB7CD9B003F4ACB /* TopHeaderText.swift */ = {isa = PBXFileReference; lastKnownFileType = sourcecode.swift; path = TopHeaderText.swift; sourceTree = "<group>"; };
		21EFBEC92CB7CD9B003F4ACB /* StringData.swift */ = {isa = PBXFileReference; lastKnownFileType = sourcecode.swift; path = StringData.swift; sourceTree = "<group>"; };
		21EFBECB2CB7CD9B003F4ACB /* RoundedCorners.swift */ = {isa = PBXFileReference; lastKnownFileType = sourcecode.swift; path = RoundedCorners.swift; sourceTree = "<group>"; };
		21EFBECD2CB7CD9B003F4ACB /* HEX+.swift */ = {isa = PBXFileReference; lastKnownFileType = sourcecode.swift; path = "HEX+.swift"; sourceTree = "<group>"; };
		21EFBECF2CB7CD9B003F4ACB /* EndEditing+.swift */ = {isa = PBXFileReference; lastKnownFileType = sourcecode.swift; path = "EndEditing+.swift"; sourceTree = "<group>"; };
		21EFBED12CB7CD9B003F4ACB /* Placeholder.swift */ = {isa = PBXFileReference; lastKnownFileType = sourcecode.swift; path = Placeholder.swift; sourceTree = "<group>"; };
		21EFBED32CB7CD9B003F4ACB /* Split+.swift */ = {isa = PBXFileReference; lastKnownFileType = sourcecode.swift; path = "Split+.swift"; sourceTree = "<group>"; };
		21EFBED62CB7CD9B003F4ACB /* ViewWrapper.swift */ = {isa = PBXFileReference; lastKnownFileType = sourcecode.swift; path = ViewWrapper.swift; sourceTree = "<group>"; };
		21EFBED82CB7CD9B003F4ACB /* Enum.swift */ = {isa = PBXFileReference; lastKnownFileType = sourcecode.swift; path = Enum.swift; sourceTree = "<group>"; };
		21EFBEDA2CB7CD9B003F4ACB /* Address.swift */ = {isa = PBXFileReference; lastKnownFileType = sourcecode.swift; path = Address.swift; sourceTree = "<group>"; };
		21EFBEDB2CB7CD9B003F4ACB /* Order.swift */ = {isa = PBXFileReference; lastKnownFileType = sourcecode.swift; path = Order.swift; sourceTree = "<group>"; };
		21EFBEDC2CB7CD9B003F4ACB /* MeasureFormModel.swift */ = {isa = PBXFileReference; lastKnownFileType = sourcecode.swift; path = MeasureFormModel.swift; sourceTree = "<group>"; };
		21EFBEDD2CB7CD9B003F4ACB /* SmartFormModel.swift */ = {isa = PBXFileReference; lastKnownFileType = sourcecode.swift; path = SmartFormModel.swift; sourceTree = "<group>"; };
		21EFBEDE2CB7CD9B003F4ACB /* StyleFormModel.swift */ = {isa = PBXFileReference; lastKnownFileType = sourcecode.swift; path = StyleFormModel.swift; sourceTree = "<group>"; };
		21EFBEDF2CB7CD9B003F4ACB /* User.swift */ = {isa = PBXFileReference; lastKnownFileType = sourcecode.swift; path = User.swift; sourceTree = "<group>"; };
		21EFBEE12CB7CD9B003F4ACB /* Preview Assets.xcassets */ = {isa = PBXFileReference; lastKnownFileType = folder.assetcatalog; path = "Preview Assets.xcassets"; sourceTree = "<group>"; };
		21EFBEE32CB7CD9B003F4ACB /* CardManager.swift */ = {isa = PBXFileReference; lastKnownFileType = sourcecode.swift; path = CardManager.swift; sourceTree = "<group>"; };
		21EFBEE42CB7CD9B003F4ACB /* ConnectionManager.swift */ = {isa = PBXFileReference; lastKnownFileType = sourcecode.swift; path = ConnectionManager.swift; sourceTree = "<group>"; };
		21EFBEE52CB7CD9B003F4ACB /* DataManager.swift */ = {isa = PBXFileReference; lastKnownFileType = sourcecode.swift; path = DataManager.swift; sourceTree = "<group>"; };
		21EFBEE62CB7CD9B003F4ACB /* FirebaseManager.swift */ = {isa = PBXFileReference; lastKnownFileType = sourcecode.swift; path = FirebaseManager.swift; sourceTree = "<group>"; };
		21EFBEE72CB7CD9B003F4ACB /* UserDefaultsManager.swift */ = {isa = PBXFileReference; lastKnownFileType = sourcecode.swift; path = UserDefaultsManager.swift; sourceTree = "<group>"; };
		21EFBEE82CB7CD9B003F4ACB /* ValidManager.swift */ = {isa = PBXFileReference; lastKnownFileType = sourcecode.swift; path = ValidManager.swift; sourceTree = "<group>"; };
		21EFBEEA2CB7CD9B003F4ACB /* SmartFormRouteManager.swift */ = {isa = PBXFileReference; lastKnownFileType = sourcecode.swift; path = SmartFormRouteManager.swift; sourceTree = "<group>"; };
		21EFBEEB2CB7CD9B003F4ACB /* StyleFormRouteManager.swift */ = {isa = PBXFileReference; lastKnownFileType = sourcecode.swift; path = StyleFormRouteManager.swift; sourceTree = "<group>"; };
		21EFBEED2CB7CD9B003F4ACB /* ViewModel.swift */ = {isa = PBXFileReference; lastKnownFileType = sourcecode.swift; path = ViewModel.swift; sourceTree = "<group>"; };
		21EFBEEF2CB7CD9B003F4ACB /* MyAddressesScreen.swift */ = {isa = PBXFileReference; lastKnownFileType = sourcecode.swift; path = MyAddressesScreen.swift; sourceTree = "<group>"; };
		21EFBEF02CB7CD9B003F4ACB /* NewAddressScreen.swift */ = {isa = PBXFileReference; lastKnownFileType = sourcecode.swift; path = NewAddressScreen.swift; sourceTree = "<group>"; };
		21EFBEF22CB7CD9B003F4ACB /* RegistrationScreen.swift */ = {isa = PBXFileReference; lastKnownFileType = sourcecode.swift; path = RegistrationScreen.swift; sourceTree = "<group>"; };
		21EFBEF32CB7CD9B003F4ACB /* SignInScreen.swift */ = {isa = PBXFileReference; lastKnownFileType = sourcecode.swift; path = SignInScreen.swift; sourceTree = "<group>"; };
		21EFBEF42CB7CD9B003F4ACB /* StartAuthScreen.swift */ = {isa = PBXFileReference; lastKnownFileType = sourcecode.swift; path = StartAuthScreen.swift; sourceTree = "<group>"; };
		21EFBEF52CB7CD9B003F4ACB /* VerificationScreen.swift */ = {isa = PBXFileReference; lastKnownFileType = sourcecode.swift; path = VerificationScreen.swift; sourceTree = "<group>"; };
		21EFBEFA2CB7CD9B003F4ACB /* HomeScreen.swift */ = {isa = PBXFileReference; lastKnownFileType = sourcecode.swift; path = HomeScreen.swift; sourceTree = "<group>"; };
		21EFBEFC2CB7CD9B003F4ACB /* LoadingScreen.swift */ = {isa = PBXFileReference; lastKnownFileType = sourcecode.swift; path = LoadingScreen.swift; sourceTree = "<group>"; };
		21EFBEFD2CB7CD9B003F4ACB /* SavingInformation.swift */ = {isa = PBXFileReference; lastKnownFileType = sourcecode.swift; path = SavingInformation.swift; sourceTree = "<group>"; };
		21EFBEFF2CB7CD9B003F4ACB /* MeasureFormScreen.swift */ = {isa = PBXFileReference; lastKnownFileType = sourcecode.swift; path = MeasureFormScreen.swift; sourceTree = "<group>"; };
		21EFBF002CB7CD9B003F4ACB /* StartMeasureFormScreen.swift */ = {isa = PBXFileReference; lastKnownFileType = sourcecode.swift; path = StartMeasureFormScreen.swift; sourceTree = "<group>"; };
		21EFBF022CB7CD9B003F4ACB /* OrdersScreen.swift */ = {isa = PBXFileReference; lastKnownFileType = sourcecode.swift; path = OrdersScreen.swift; sourceTree = "<group>"; };
		21EFBF042CB7CD9B003F4ACB /* ProfileScreen.swift */ = {isa = PBXFileReference; lastKnownFileType = sourcecode.swift; path = ProfileScreen.swift; sourceTree = "<group>"; };
		21EFBF062CB7CD9B003F4ACB /* SmartFormBodyTypeScreen.swift */ = {isa = PBXFileReference; lastKnownFileType = sourcecode.swift; path = SmartFormBodyTypeScreen.swift; sourceTree = "<group>"; };
		21EFBF072CB7CD9B003F4ACB /* SmartFormBudgetScreen.swift */ = {isa = PBXFileReference; lastKnownFileType = sourcecode.swift; path = SmartFormBudgetScreen.swift; sourceTree = "<group>"; };
		21EFBF082CB7CD9B003F4ACB /* SmartFormClothScreen.swift */ = {isa = PBXFileReference; lastKnownFileType = sourcecode.swift; path = SmartFormClothScreen.swift; sourceTree = "<group>"; };
		21EFBF092CB7CD9B003F4ACB /* SmartFormFootAccessoriesScreen.swift */ = {isa = PBXFileReference; lastKnownFileType = sourcecode.swift; path = SmartFormFootAccessoriesScreen.swift; sourceTree = "<group>"; };
		21EFBF0A2CB7CD9B003F4ACB /* SmartFormFootScreen.swift */ = {isa = PBXFileReference; lastKnownFileType = sourcecode.swift; path = SmartFormFootScreen.swift; sourceTree = "<group>"; };
		21EFBF0B2CB7CD9B003F4ACB /* SmartFormGenderScreen.swift */ = {isa = PBXFileReference; lastKnownFileType = sourcecode.swift; path = SmartFormGenderScreen.swift; sourceTree = "<group>"; };
		21EFBF0C2CB7CD9B003F4ACB /* SmartFormJacketScreen.swift */ = {isa = PBXFileReference; lastKnownFileType = sourcecode.swift; path = SmartFormJacketScreen.swift; sourceTree = "<group>"; };
		21EFBF0D2CB7CD9B003F4ACB /* SmartFormPantsScreen.swift */ = {isa = PBXFileReference; lastKnownFileType = sourcecode.swift; path = SmartFormPantsScreen.swift; sourceTree = "<group>"; };
		21EFBF0E2CB7CD9B003F4ACB /* SmartFormParamsScreen.swift */ = {isa = PBXFileReference; lastKnownFileType = sourcecode.swift; path = SmartFormParamsScreen.swift; sourceTree = "<group>"; };
		21EFBF0F2CB7CD9B003F4ACB /* SmartFormShirtScreen.swift */ = {isa = PBXFileReference; lastKnownFileType = sourcecode.swift; path = SmartFormShirtScreen.swift; sourceTree = "<group>"; };
		21EFBF102CB7CD9B003F4ACB /* SmartFormSizesScreen.swift */ = {isa = PBXFileReference; lastKnownFileType = sourcecode.swift; path = SmartFormSizesScreen.swift; sourceTree = "<group>"; };
		21EFBF112CB7CD9B003F4ACB /* SmartFormSpecificBodyScreen.swift */ = {isa = PBXFileReference; lastKnownFileType = sourcecode.swift; path = SmartFormSpecificBodyScreen.swift; sourceTree = "<group>"; };
		21EFBF122CB7CD9B003F4ACB /* SmartFormWearStyleScreen.swift */ = {isa = PBXFileReference; lastKnownFileType = sourcecode.swift; path = SmartFormWearStyleScreen.swift; sourceTree = "<group>"; };
		21EFBF132CB7CD9B003F4ACB /* SmartFormWearTypeScreen.swift */ = {isa = PBXFileReference; lastKnownFileType = sourcecode.swift; path = SmartFormWearTypeScreen.swift; sourceTree = "<group>"; };
		21EFBF142CB7CD9B003F4ACB /* StartSmartFormScreen.swift */ = {isa = PBXFileReference; lastKnownFileType = sourcecode.swift; path = StartSmartFormScreen.swift; sourceTree = "<group>"; };
		21EFBF162CB7CD9B003F4ACB /* StartStyleFormScreen.swift */ = {isa = PBXFileReference; lastKnownFileType = sourcecode.swift; path = StartStyleFormScreen.swift; sourceTree = "<group>"; };
		21EFBF172CB7CD9B003F4ACB /* StyleFormLikeColorScreen.swift */ = {isa = PBXFileReference; lastKnownFileType = sourcecode.swift; path = StyleFormLikeColorScreen.swift; sourceTree = "<group>"; };
		21EFBF182CB7CD9B003F4ACB /* StyleFormLikeScreen.swift */ = {isa = PBXFileReference; lastKnownFileType = sourcecode.swift; path = StyleFormLikeScreen.swift; sourceTree = "<group>"; };
		21EFBF1A2CB7CD9B003F4ACB /* TabScreen.swift */ = {isa = PBXFileReference; lastKnownFileType = sourcecode.swift; path = TabScreen.swift; sourceTree = "<group>"; };
		21EFBF702CB7D55A003F4ACB /* Item.swift */ = {isa = PBXFileReference; lastKnownFileType = sourcecode.swift; path = Item.swift; sourceTree = "<group>"; };
		21EFBF722CB7D864003F4ACB /* OrderScreen.swift */ = {isa = PBXFileReference; lastKnownFileType = sourcecode.swift; path = OrderScreen.swift; sourceTree = "<group>"; };
		21EFBF772CB7DD3E003F4ACB /* StyleFormDislikeColorScreen.swift */ = {isa = PBXFileReference; lastKnownFileType = sourcecode.swift; path = StyleFormDislikeColorScreen.swift; sourceTree = "<group>"; };
		21EFBF792CB7DE4E003F4ACB /* StyleFormPatternScreen.swift */ = {isa = PBXFileReference; lastKnownFileType = sourcecode.swift; path = StyleFormPatternScreen.swift; sourceTree = "<group>"; };
		21EFBF7B2CB7DFBE003F4ACB /* StyleFormDislikedItemsScreen.swift */ = {isa = PBXFileReference; lastKnownFileType = sourcecode.swift; path = StyleFormDislikedItemsScreen.swift; sourceTree = "<group>"; };
		25CA53B03B2D6F107D59479C /* Pods_shic.framework */ = {isa = PBXFileReference; explicitFileType = wrapper.framework; includeInIndex = 0; path = Pods_shic.framework; sourceTree = BUILT_PRODUCTS_DIR; };
		657396BD9539C9AA0E3540B6 /* Pods-shic.debug.xcconfig */ = {isa = PBXFileReference; includeInIndex = 1; lastKnownFileType = text.xcconfig; name = "Pods-shic.debug.xcconfig"; path = "Target Support Files/Pods-shic/Pods-shic.debug.xcconfig"; sourceTree = "<group>"; };
		E43151C7A514D9FE6F0E2639 /* Pods-shic.release.xcconfig */ = {isa = PBXFileReference; includeInIndex = 1; lastKnownFileType = text.xcconfig; name = "Pods-shic.release.xcconfig"; path = "Target Support Files/Pods-shic/Pods-shic.release.xcconfig"; sourceTree = "<group>"; };
/* End PBXFileReference section */

/* Begin PBXFrameworksBuildPhase section */
		2199797E2CAFE2E4008688A5 /* Frameworks */ = {
			isa = PBXFrameworksBuildPhase;
			buildActionMask = 2147483647;
			files = (
				21B23BFF2CBE609500C49DA4 /* ACarousel in Frameworks */,
				44573ECA35DA1F8B77BB421A /* Pods_shic.framework in Frameworks */,
			);
			runOnlyForDeploymentPostprocessing = 0;
		};
/* End PBXFrameworksBuildPhase section */

/* Begin PBXGroup section */
		0F9C9CD2FF6C79C0A3403DE8 /* Frameworks */ = {
			isa = PBXGroup;
			children = (
				25CA53B03B2D6F107D59479C /* Pods_shic.framework */,
			);
			name = Frameworks;
			sourceTree = "<group>";
		};
		217524512CB984A400D19AC6 /* New Order */ = {
			isa = PBXGroup;
			children = (
				2193566A2CB986B5000C10E2 /* PrepayScreen.swift */,
				219356682CB985D1000C10E2 /* UserDataScreen.swift */,
				217524522CB984AD00D19AC6 /* AddressChooseScreen.swift */,
			);
			path = "New Order";
			sourceTree = "<group>";
		};
		219356722CB99CEF000C10E2 /* Order Archive */ = {
			isa = PBXGroup;
			children = (
				219356732CB99D00000C10E2 /* OrderArchive.swift */,
			);
			path = "Order Archive";
			sourceTree = "<group>";
		};
		219979782CAFE2E4008688A5 = {
			isa = PBXGroup;
			children = (
				21EFBF1C2CB7CD9B003F4ACB /* shic */,
				219979822CAFE2E4008688A5 /* Products */,
				37E13EB4AAA9A11BB9553F1B /* Pods */,
				0F9C9CD2FF6C79C0A3403DE8 /* Frameworks */,
			);
			sourceTree = "<group>";
		};
		219979822CAFE2E4008688A5 /* Products */ = {
			isa = PBXGroup;
			children = (
				219979812CAFE2E4008688A5 /* shic.app */,
			);
			name = Products;
			sourceTree = "<group>";
		};
		21EFBEAC2CB7CD9B003F4ACB /* Fonts */ = {
			isa = PBXGroup;
			children = (
				21EED0C52CBE373000991685 /* CroissantOne-Regular.ttf */,
				21EFBEAA2CB7CD9B003F4ACB /* Alegreya-Bold.ttf */,
				21EFBEAB2CB7CD9B003F4ACB /* Alegreya-Regular.ttf */,
			);
			path = Fonts;
			sourceTree = "<group>";
		};
		21EFBEAE2CB7CD9B003F4ACB /* Assets */ = {
			isa = PBXGroup;
			children = (
				21EFBEAC2CB7CD9B003F4ACB /* Fonts */,
				21EFBEAD2CB7CD9B003F4ACB /* Assets.xcassets */,
			);
			path = Assets;
			sourceTree = "<group>";
		};
		21EFBEB42CB7CD9B003F4ACB /* Core */ = {
			isa = PBXGroup;
			children = (
				21AA4F722CBE42610029B790 /* Constants.swift */,
				21EFBEAF2CB7CD9B003F4ACB /* AppDelegate.swift */,
				21EFBEB02CB7CD9B003F4ACB /* GoogleService-Info.plist */,
				21EFBEB12CB7CD9B003F4ACB /* Info.plist */,
				21EFBEB22CB7CD9B003F4ACB /* ProjectApp.swift */,
				21EFBEB32CB7CD9B003F4ACB /* shic.entitlements */,
			);
			path = Core;
			sourceTree = "<group>";
		};
		21EFBEC32CB7CD9B003F4ACB /* Basic Structs */ = {
			isa = PBXGroup;
			children = (
				2193566E2CB98B1D000C10E2 /* Field.swift */,
				21EFBEB52CB7CD9B003F4ACB /* AcceptField.swift */,
				21EFBEB62CB7CD9B003F4ACB /* BasicButton.swift */,
				21EFBEB72CB7CD9B003F4ACB /* BasicFeedItem.swift */,
				21EFBEB92CB7CD9B003F4ACB /* CodeField.swift */,
				21EFBEBA2CB7CD9B003F4ACB /* FillField.swift */,
				21EFBEBB2CB7CD9B003F4ACB /* MainButton.swift */,
				21EFBEBC2CB7CD9B003F4ACB /* OrderItem.swift */,
				21EFBEBD2CB7CD9B003F4ACB /* PickerItems.swift */,
				21EFBEBE2CB7CD9B003F4ACB /* PickerMenu.swift */,
				21EFBEBF2CB7CD9B003F4ACB /* PickerMenuWithTip.swift */,
				21EFBEC02CB7CD9B003F4ACB /* PickerSeveralItems.swift */,
				21EFBEC12CB7CD9B003F4ACB /* RectangleImagePicker.swift */,
				21EFBEC22CB7CD9B003F4ACB /* RectangleImagePickerWithText.swift */,
			);
			path = "Basic Structs";
			sourceTree = "<group>";
		};
		21EFBEC82CB7CD9B003F4ACB /* Basic Units */ = {
			isa = PBXGroup;
			children = (
				2175244E2CB97B7800D19AC6 /* PromoBannerStruct.swift */,
				2175244C2CB978CA00D19AC6 /* Carousel.swift */,
				21EFBEC42CB7CD9B003F4ACB /* BottomBarForm.swift */,
				21EFBEC52CB7CD9B003F4ACB /* NavigationBarBack.swift */,
				21EFBEC62CB7CD9B003F4ACB /* NavigationBarForm.swift */,
				21EFBEC72CB7CD9B003F4ACB /* TopHeaderText.swift */,
			);
			path = "Basic Units";
			sourceTree = "<group>";
		};
		21EFBECA2CB7CD9B003F4ACB /* Protocols */ = {
			isa = PBXGroup;
			children = (
				21EFBEC92CB7CD9B003F4ACB /* StringData.swift */,
			);
			path = Protocols;
			sourceTree = "<group>";
		};
		21EFBECC2CB7CD9B003F4ACB /* Shapes */ = {
			isa = PBXGroup;
			children = (
				21EFBECB2CB7CD9B003F4ACB /* RoundedCorners.swift */,
			);
			path = Shapes;
			sourceTree = "<group>";
		};
		21EFBECE2CB7CD9B003F4ACB /* Color */ = {
			isa = PBXGroup;
			children = (
				21EFBECD2CB7CD9B003F4ACB /* HEX+.swift */,
			);
			path = Color;
			sourceTree = "<group>";
		};
		21EFBED02CB7CD9B003F4ACB /* View */ = {
			isa = PBXGroup;
			children = (
				21EFBECF2CB7CD9B003F4ACB /* EndEditing+.swift */,
			);
			path = View;
			sourceTree = "<group>";
		};
		21EFBED22CB7CD9B003F4ACB /* SwiftUI */ = {
			isa = PBXGroup;
			children = (
				21EFBECE2CB7CD9B003F4ACB /* Color */,
				21EFBED02CB7CD9B003F4ACB /* View */,
				21EFBED12CB7CD9B003F4ACB /* Placeholder.swift */,
			);
			path = SwiftUI;
			sourceTree = "<group>";
		};
		21EFBED42CB7CD9B003F4ACB /* Array */ = {
			isa = PBXGroup;
			children = (
				21EFBED32CB7CD9B003F4ACB /* Split+.swift */,
			);
			path = Array;
			sourceTree = "<group>";
		};
		21EFBED52CB7CD9B003F4ACB /* UIKit */ = {
			isa = PBXGroup;
			children = (
				21EFBED42CB7CD9B003F4ACB /* Array */,
			);
			path = UIKit;
			sourceTree = "<group>";
		};
		21EFBED72CB7CD9B003F4ACB /* Wrappers */ = {
			isa = PBXGroup;
			children = (
				21EFBED62CB7CD9B003F4ACB /* ViewWrapper.swift */,
			);
			path = Wrappers;
			sourceTree = "<group>";
		};
		21EFBED92CB7CD9B003F4ACB /* Extensions */ = {
			isa = PBXGroup;
			children = (
				21EFBEC32CB7CD9B003F4ACB /* Basic Structs */,
				21EFBEC82CB7CD9B003F4ACB /* Basic Units */,
				21EFBECA2CB7CD9B003F4ACB /* Protocols */,
				21EFBECC2CB7CD9B003F4ACB /* Shapes */,
				21EFBED22CB7CD9B003F4ACB /* SwiftUI */,
				21EFBED52CB7CD9B003F4ACB /* UIKit */,
				21EFBED72CB7CD9B003F4ACB /* Wrappers */,
				21EFBED82CB7CD9B003F4ACB /* Enum.swift */,
			);
			path = Extensions;
			sourceTree = "<group>";
		};
		21EFBEE02CB7CD9B003F4ACB /* Models */ = {
			isa = PBXGroup;
			children = (
				219356702CB98D32000C10E2 /* Promo.swift */,
				217524482CB9764200D19AC6 /* PromoBanner.swift */,
				217524462CB975B100D19AC6 /* StartBanner.swift */,
				21EFBEDA2CB7CD9B003F4ACB /* Address.swift */,
				21EFBEDB2CB7CD9B003F4ACB /* Order.swift */,
				21EFBF702CB7D55A003F4ACB /* Item.swift */,
				21EFBEDC2CB7CD9B003F4ACB /* MeasureFormModel.swift */,
				21EFBEDD2CB7CD9B003F4ACB /* SmartFormModel.swift */,
				21EFBEDE2CB7CD9B003F4ACB /* StyleFormModel.swift */,
				21EFBEDF2CB7CD9B003F4ACB /* User.swift */,
			);
			path = Models;
			sourceTree = "<group>";
		};
		21EFBEE22CB7CD9B003F4ACB /* Preview Content */ = {
			isa = PBXGroup;
			children = (
				21EFBEE12CB7CD9B003F4ACB /* Preview Assets.xcassets */,
			);
			path = "Preview Content";
			sourceTree = "<group>";
		};
		21EFBEE92CB7CD9B003F4ACB /* Managers */ = {
			isa = PBXGroup;
			children = (
				21EFBEE32CB7CD9B003F4ACB /* CardManager.swift */,
				21EFBEE42CB7CD9B003F4ACB /* ConnectionManager.swift */,
				21EFBEE52CB7CD9B003F4ACB /* DataManager.swift */,
				21EFBEE62CB7CD9B003F4ACB /* FirebaseManager.swift */,
				21EFBEE72CB7CD9B003F4ACB /* UserDefaultsManager.swift */,
				21EFBEE82CB7CD9B003F4ACB /* ValidManager.swift */,
			);
			path = Managers;
			sourceTree = "<group>";
		};
		21EFBEEC2CB7CD9B003F4ACB /* Route Managers */ = {
			isa = PBXGroup;
			children = (
				21EFBEEA2CB7CD9B003F4ACB /* SmartFormRouteManager.swift */,
				21EFBEEB2CB7CD9B003F4ACB /* StyleFormRouteManager.swift */,
			);
			path = "Route Managers";
			sourceTree = "<group>";
		};
		21EFBEEE2CB7CD9B003F4ACB /* ViewModels */ = {
			isa = PBXGroup;
			children = (
				21EFBEE92CB7CD9B003F4ACB /* Managers */,
				21EFBEEC2CB7CD9B003F4ACB /* Route Managers */,
				21EFBEED2CB7CD9B003F4ACB /* ViewModel.swift */,
			);
			path = ViewModels;
			sourceTree = "<group>";
		};
		21EFBEF12CB7CD9B003F4ACB /* Addresses */ = {
			isa = PBXGroup;
			children = (
				21EFBEEF2CB7CD9B003F4ACB /* MyAddressesScreen.swift */,
				21EFBEF02CB7CD9B003F4ACB /* NewAddressScreen.swift */,
			);
			path = Addresses;
			sourceTree = "<group>";
		};
		21EFBEF62CB7CD9B003F4ACB /* Auth */ = {
			isa = PBXGroup;
			children = (
				21EFBEF22CB7CD9B003F4ACB /* RegistrationScreen.swift */,
				21EFBEF32CB7CD9B003F4ACB /* SignInScreen.swift */,
				21EFBEF42CB7CD9B003F4ACB /* StartAuthScreen.swift */,
				21EFBEF52CB7CD9B003F4ACB /* VerificationScreen.swift */,
			);
			path = Auth;
			sourceTree = "<group>";
		};
		21EFBEFB2CB7CD9B003F4ACB /* Home */ = {
			isa = PBXGroup;
			children = (
				21EFBEFA2CB7CD9B003F4ACB /* HomeScreen.swift */,
			);
			path = Home;
			sourceTree = "<group>";
		};
		21EFBEFE2CB7CD9B003F4ACB /* Loading */ = {
			isa = PBXGroup;
			children = (
				21EFBEFC2CB7CD9B003F4ACB /* LoadingScreen.swift */,
				21EFBEFD2CB7CD9B003F4ACB /* SavingInformation.swift */,
			);
			path = Loading;
			sourceTree = "<group>";
		};
		21EFBF012CB7CD9B003F4ACB /* Measure Form */ = {
			isa = PBXGroup;
			children = (
				21EFBEFF2CB7CD9B003F4ACB /* MeasureFormScreen.swift */,
				21EFBF002CB7CD9B003F4ACB /* StartMeasureFormScreen.swift */,
			);
			path = "Measure Form";
			sourceTree = "<group>";
		};
		21EFBF032CB7CD9B003F4ACB /* Orders */ = {
			isa = PBXGroup;
			children = (
				21EFBF722CB7D864003F4ACB /* OrderScreen.swift */,
				21EFBF022CB7CD9B003F4ACB /* OrdersScreen.swift */,
			);
			path = Orders;
			sourceTree = "<group>";
		};
		21EFBF052CB7CD9B003F4ACB /* Profile */ = {
			isa = PBXGroup;
			children = (
				21EFBF042CB7CD9B003F4ACB /* ProfileScreen.swift */,
			);
			path = Profile;
			sourceTree = "<group>";
		};
		21EFBF152CB7CD9B003F4ACB /* Smart Form */ = {
			isa = PBXGroup;
			children = (
				21EFBF062CB7CD9B003F4ACB /* SmartFormBodyTypeScreen.swift */,
				21EFBF072CB7CD9B003F4ACB /* SmartFormBudgetScreen.swift */,
				21EFBF082CB7CD9B003F4ACB /* SmartFormClothScreen.swift */,
				21EFBF092CB7CD9B003F4ACB /* SmartFormFootAccessoriesScreen.swift */,
				21EFBF0A2CB7CD9B003F4ACB /* SmartFormFootScreen.swift */,
				21EFBF0B2CB7CD9B003F4ACB /* SmartFormGenderScreen.swift */,
				21EFBF0C2CB7CD9B003F4ACB /* SmartFormJacketScreen.swift */,
				21EFBF0D2CB7CD9B003F4ACB /* SmartFormPantsScreen.swift */,
				21EFBF0E2CB7CD9B003F4ACB /* SmartFormParamsScreen.swift */,
				21EFBF0F2CB7CD9B003F4ACB /* SmartFormShirtScreen.swift */,
				21EFBF102CB7CD9B003F4ACB /* SmartFormSizesScreen.swift */,
				21EFBF112CB7CD9B003F4ACB /* SmartFormSpecificBodyScreen.swift */,
				21EFBF122CB7CD9B003F4ACB /* SmartFormWearStyleScreen.swift */,
				21EFBF132CB7CD9B003F4ACB /* SmartFormWearTypeScreen.swift */,
				21EFBF142CB7CD9B003F4ACB /* StartSmartFormScreen.swift */,
			);
			path = "Smart Form";
			sourceTree = "<group>";
		};
		21EFBF192CB7CD9B003F4ACB /* Style Form */ = {
			isa = PBXGroup;
			children = (
				21EFBF162CB7CD9B003F4ACB /* StartStyleFormScreen.swift */,
				21EFBF172CB7CD9B003F4ACB /* StyleFormLikeColorScreen.swift */,
				21EFBF792CB7DE4E003F4ACB /* StyleFormPatternScreen.swift */,
				21EFBF7B2CB7DFBE003F4ACB /* StyleFormDislikedItemsScreen.swift */,
				21EFBF772CB7DD3E003F4ACB /* StyleFormDislikeColorScreen.swift */,
				21EFBF182CB7CD9B003F4ACB /* StyleFormLikeScreen.swift */,
			);
			path = "Style Form";
			sourceTree = "<group>";
		};
		21EFBF1B2CB7CD9B003F4ACB /* Views */ = {
			isa = PBXGroup;
			children = (
				219356722CB99CEF000C10E2 /* Order Archive */,
				217524512CB984A400D19AC6 /* New Order */,
				21EFBEF12CB7CD9B003F4ACB /* Addresses */,
				21EFBEF62CB7CD9B003F4ACB /* Auth */,
				21EFBEFB2CB7CD9B003F4ACB /* Home */,
				21EFBEFE2CB7CD9B003F4ACB /* Loading */,
				21EFBF012CB7CD9B003F4ACB /* Measure Form */,
				21EFBF032CB7CD9B003F4ACB /* Orders */,
				21EFBF052CB7CD9B003F4ACB /* Profile */,
				21EFBF152CB7CD9B003F4ACB /* Smart Form */,
				21EFBF192CB7CD9B003F4ACB /* Style Form */,
				21EFBF1A2CB7CD9B003F4ACB /* TabScreen.swift */,
			);
			path = Views;
			sourceTree = "<group>";
		};
		21EFBF1C2CB7CD9B003F4ACB /* shic */ = {
			isa = PBXGroup;
			children = (
				21EFBEAE2CB7CD9B003F4ACB /* Assets */,
				21EFBEB42CB7CD9B003F4ACB /* Core */,
				21EFBED92CB7CD9B003F4ACB /* Extensions */,
				21EFBEE02CB7CD9B003F4ACB /* Models */,
				21EFBEE22CB7CD9B003F4ACB /* Preview Content */,
				21EFBEEE2CB7CD9B003F4ACB /* ViewModels */,
				21EFBF1B2CB7CD9B003F4ACB /* Views */,
			);
			path = shic;
			sourceTree = "<group>";
		};
		37E13EB4AAA9A11BB9553F1B /* Pods */ = {
			isa = PBXGroup;
			children = (
				657396BD9539C9AA0E3540B6 /* Pods-shic.debug.xcconfig */,
				E43151C7A514D9FE6F0E2639 /* Pods-shic.release.xcconfig */,
			);
			path = Pods;
			sourceTree = "<group>";
		};
/* End PBXGroup section */

/* Begin PBXNativeTarget section */
		219979802CAFE2E4008688A5 /* shic */ = {
			isa = PBXNativeTarget;
			buildConfigurationList = 2199798F2CAFE2E5008688A5 /* Build configuration list for PBXNativeTarget "shic" */;
			buildPhases = (
				24C0AF5D8DB244DFC38E22F8 /* [CP] Check Pods Manifest.lock */,
				2199797D2CAFE2E4008688A5 /* Sources */,
				2199797E2CAFE2E4008688A5 /* Frameworks */,
				2199797F2CAFE2E4008688A5 /* Resources */,
				0A4615484FC2705C0F55572F /* [CP] Embed Pods Frameworks */,
			);
			buildRules = (
			);
			dependencies = (
			);
			name = shic;
			productName = shic;
			productReference = 219979812CAFE2E4008688A5 /* shic.app */;
			productType = "com.apple.product-type.application";
		};
/* End PBXNativeTarget section */

/* Begin PBXProject section */
		219979792CAFE2E4008688A5 /* Project object */ = {
			isa = PBXProject;
			attributes = {
				BuildIndependentTargetsInParallel = 1;
				LastSwiftUpdateCheck = 1600;
				LastUpgradeCheck = 1600;
				TargetAttributes = {
					219979802CAFE2E4008688A5 = {
						CreatedOnToolsVersion = 16.0;
					};
				};
			};
			buildConfigurationList = 2199797C2CAFE2E4008688A5 /* Build configuration list for PBXProject "shic" */;
			compatibilityVersion = "Xcode 15.3";
			developmentRegion = en;
			hasScannedForEncodings = 0;
			knownRegions = (
				en,
				Base,
			);
			mainGroup = 219979782CAFE2E4008688A5;
			packageReferences = (
				21B23BFD2CBE609500C49DA4 /* XCRemoteSwiftPackageReference "ACarousel" */,
			);
			productRefGroup = 219979822CAFE2E4008688A5 /* Products */;
			projectDirPath = "";
			projectRoot = "";
			targets = (
				219979802CAFE2E4008688A5 /* shic */,
			);
		};
/* End PBXProject section */

/* Begin PBXResourcesBuildPhase section */
		2199797F2CAFE2E4008688A5 /* Resources */ = {
			isa = PBXResourcesBuildPhase;
			buildActionMask = 2147483647;
			files = (
				21EFBF1D2CB7CD9B003F4ACB /* Alegreya-Bold.ttf in Resources */,
				21EED0C62CBE373000991685 /* CroissantOne-Regular.ttf in Resources */,
				21EFBF1E2CB7CD9B003F4ACB /* Alegreya-Regular.ttf in Resources */,
				21EFBF1F2CB7CD9B003F4ACB /* Assets.xcassets in Resources */,
				21EFBF202CB7CD9B003F4ACB /* GoogleService-Info.plist in Resources */,
				21EFBF222CB7CD9B003F4ACB /* Preview Assets.xcassets in Resources */,
			);
			runOnlyForDeploymentPostprocessing = 0;
		};
/* End PBXResourcesBuildPhase section */

/* Begin PBXShellScriptBuildPhase section */
		0A4615484FC2705C0F55572F /* [CP] Embed Pods Frameworks */ = {
			isa = PBXShellScriptBuildPhase;
			buildActionMask = 2147483647;
			files = (
			);
			inputFileListPaths = (
				"${PODS_ROOT}/Target Support Files/Pods-shic/Pods-shic-frameworks-${CONFIGURATION}-input-files.xcfilelist",
			);
			name = "[CP] Embed Pods Frameworks";
			outputFileListPaths = (
				"${PODS_ROOT}/Target Support Files/Pods-shic/Pods-shic-frameworks-${CONFIGURATION}-output-files.xcfilelist",
			);
			runOnlyForDeploymentPostprocessing = 0;
			shellPath = /bin/sh;
			shellScript = "\"${PODS_ROOT}/Target Support Files/Pods-shic/Pods-shic-frameworks.sh\"\n";
			showEnvVarsInLog = 0;
		};
		24C0AF5D8DB244DFC38E22F8 /* [CP] Check Pods Manifest.lock */ = {
			isa = PBXShellScriptBuildPhase;
			buildActionMask = 2147483647;
			files = (
			);
			inputFileListPaths = (
			);
			inputPaths = (
				"${PODS_PODFILE_DIR_PATH}/Podfile.lock",
				"${PODS_ROOT}/Manifest.lock",
			);
			name = "[CP] Check Pods Manifest.lock";
			outputFileListPaths = (
			);
			outputPaths = (
				"$(DERIVED_FILE_DIR)/Pods-shic-checkManifestLockResult.txt",
			);
			runOnlyForDeploymentPostprocessing = 0;
			shellPath = /bin/sh;
			shellScript = "diff \"${PODS_PODFILE_DIR_PATH}/Podfile.lock\" \"${PODS_ROOT}/Manifest.lock\" > /dev/null\nif [ $? != 0 ] ; then\n    # print error to STDERR\n    echo \"error: The sandbox is not in sync with the Podfile.lock. Run 'pod install' or update your CocoaPods installation.\" >&2\n    exit 1\nfi\n# This output is used by Xcode 'outputs' to avoid re-running this script phase.\necho \"SUCCESS\" > \"${SCRIPT_OUTPUT_FILE_0}\"\n";
			showEnvVarsInLog = 0;
		};
/* End PBXShellScriptBuildPhase section */

/* Begin PBXSourcesBuildPhase section */
		2199797D2CAFE2E4008688A5 /* Sources */ = {
			isa = PBXSourcesBuildPhase;
			buildActionMask = 2147483647;
			files = (
				21EFBF232CB7CD9B003F4ACB /* AppDelegate.swift in Sources */,
				21EFBF242CB7CD9B003F4ACB /* ProjectApp.swift in Sources */,
				21EFBF252CB7CD9B003F4ACB /* AcceptField.swift in Sources */,
				21EFBF262CB7CD9B003F4ACB /* BasicButton.swift in Sources */,
				21EFBF272CB7CD9B003F4ACB /* BasicFeedItem.swift in Sources */,
				21EFBF292CB7CD9B003F4ACB /* CodeField.swift in Sources */,
				21EFBF2A2CB7CD9B003F4ACB /* FillField.swift in Sources */,
				217524532CB984BB00D19AC6 /* AddressChooseScreen.swift in Sources */,
				21EFBF2B2CB7CD9B003F4ACB /* MainButton.swift in Sources */,
				2193566F2CB98B20000C10E2 /* Field.swift in Sources */,
				21EFBF2C2CB7CD9B003F4ACB /* OrderItem.swift in Sources */,
				217524472CB975B900D19AC6 /* StartBanner.swift in Sources */,
				21EFBF2D2CB7CD9B003F4ACB /* PickerItems.swift in Sources */,
				21EFBF2E2CB7CD9B003F4ACB /* PickerMenu.swift in Sources */,
				21EFBF2F2CB7CD9B003F4ACB /* PickerMenuWithTip.swift in Sources */,
				21EFBF302CB7CD9B003F4ACB /* PickerSeveralItems.swift in Sources */,
				21EFBF312CB7CD9B003F4ACB /* RectangleImagePicker.swift in Sources */,
				21EFBF322CB7CD9B003F4ACB /* RectangleImagePickerWithText.swift in Sources */,
				21EFBF7A2CB7DE5B003F4ACB /* StyleFormPatternScreen.swift in Sources */,
				21EFBF332CB7CD9B003F4ACB /* BottomBarForm.swift in Sources */,
				21EFBF342CB7CD9B003F4ACB /* NavigationBarBack.swift in Sources */,
				21EFBF352CB7CD9B003F4ACB /* NavigationBarForm.swift in Sources */,
				21EFBF362CB7CD9B003F4ACB /* TopHeaderText.swift in Sources */,
				21EFBF372CB7CD9B003F4ACB /* StringData.swift in Sources */,
				21EFBF382CB7CD9B003F4ACB /* RoundedCorners.swift in Sources */,
				21EFBF392CB7CD9B003F4ACB /* HEX+.swift in Sources */,
				21EFBF3A2CB7CD9B003F4ACB /* EndEditing+.swift in Sources */,
				21EFBF3B2CB7CD9B003F4ACB /* Placeholder.swift in Sources */,
				219356712CB98D34000C10E2 /* Promo.swift in Sources */,
				2175244D2CB978D800D19AC6 /* Carousel.swift in Sources */,
				21EFBF3C2CB7CD9B003F4ACB /* Split+.swift in Sources */,
				21EFBF3D2CB7CD9B003F4ACB /* ViewWrapper.swift in Sources */,
				21EFBF3E2CB7CD9B003F4ACB /* Enum.swift in Sources */,
				219356692CB985D8000C10E2 /* UserDataScreen.swift in Sources */,
				21EFBF3F2CB7CD9B003F4ACB /* Address.swift in Sources */,
				21EFBF402CB7CD9B003F4ACB /* Order.swift in Sources */,
				21EFBF412CB7CD9B003F4ACB /* MeasureFormModel.swift in Sources */,
				21EFBF422CB7CD9B003F4ACB /* SmartFormModel.swift in Sources */,
				21EFBF432CB7CD9B003F4ACB /* StyleFormModel.swift in Sources */,
				21EFBF442CB7CD9B003F4ACB /* User.swift in Sources */,
				21EFBF452CB7CD9B003F4ACB /* CardManager.swift in Sources */,
				21EFBF462CB7CD9B003F4ACB /* ConnectionManager.swift in Sources */,
				21EFBF472CB7CD9B003F4ACB /* DataManager.swift in Sources */,
				21EFBF482CB7CD9B003F4ACB /* FirebaseManager.swift in Sources */,
				21EFBF492CB7CD9B003F4ACB /* UserDefaultsManager.swift in Sources */,
				21AA4F732CBE42650029B790 /* Constants.swift in Sources */,
				21EFBF4A2CB7CD9B003F4ACB /* ValidManager.swift in Sources */,
				21EFBF4B2CB7CD9B003F4ACB /* SmartFormRouteManager.swift in Sources */,
				21EFBF4C2CB7CD9B003F4ACB /* StyleFormRouteManager.swift in Sources */,
				21EFBF4D2CB7CD9B003F4ACB /* ViewModel.swift in Sources */,
				21EFBF4E2CB7CD9B003F4ACB /* MyAddressesScreen.swift in Sources */,
				21EFBF4F2CB7CD9B003F4ACB /* NewAddressScreen.swift in Sources */,
				21EFBF502CB7CD9B003F4ACB /* RegistrationScreen.swift in Sources */,
				21EFBF512CB7CD9B003F4ACB /* SignInScreen.swift in Sources */,
				21EFBF522CB7CD9B003F4ACB /* StartAuthScreen.swift in Sources */,
				21EFBF532CB7CD9B003F4ACB /* VerificationScreen.swift in Sources */,
				21EFBF562CB7CD9B003F4ACB /* HomeScreen.swift in Sources */,
				21EFBF572CB7CD9B003F4ACB /* LoadingScreen.swift in Sources */,
				21EFBF582CB7CD9B003F4ACB /* SavingInformation.swift in Sources */,
				21EFBF712CB7D55C003F4ACB /* Item.swift in Sources */,
				21EFBF592CB7CD9B003F4ACB /* MeasureFormScreen.swift in Sources */,
				21EFBF5A2CB7CD9B003F4ACB /* StartMeasureFormScreen.swift in Sources */,
				2193566B2CB986BB000C10E2 /* PrepayScreen.swift in Sources */,
				21EFBF5B2CB7CD9B003F4ACB /* OrdersScreen.swift in Sources */,
				21EFBF732CB7D868003F4ACB /* OrderScreen.swift in Sources */,
				21EFBF5C2CB7CD9B003F4ACB /* ProfileScreen.swift in Sources */,
				21EFBF5D2CB7CD9B003F4ACB /* SmartFormBodyTypeScreen.swift in Sources */,
				21EFBF5E2CB7CD9B003F4ACB /* SmartFormBudgetScreen.swift in Sources */,
				21EFBF5F2CB7CD9B003F4ACB /* SmartFormClothScreen.swift in Sources */,
				21EFBF602CB7CD9B003F4ACB /* SmartFormFootAccessoriesScreen.swift in Sources */,
				21EFBF612CB7CD9B003F4ACB /* SmartFormFootScreen.swift in Sources */,
				21EFBF622CB7CD9B003F4ACB /* SmartFormGenderScreen.swift in Sources */,
				21EFBF7C2CB7DFC7003F4ACB /* StyleFormDislikedItemsScreen.swift in Sources */,
				21EFBF632CB7CD9B003F4ACB /* SmartFormJacketScreen.swift in Sources */,
				21EFBF642CB7CD9B003F4ACB /* SmartFormPantsScreen.swift in Sources */,
				21EFBF652CB7CD9B003F4ACB /* SmartFormParamsScreen.swift in Sources */,
				21EFBF662CB7CD9B003F4ACB /* SmartFormShirtScreen.swift in Sources */,
				21EFBF672CB7CD9B003F4ACB /* SmartFormSizesScreen.swift in Sources */,
				21EFBF682CB7CD9B003F4ACB /* SmartFormSpecificBodyScreen.swift in Sources */,
				21EFBF692CB7CD9B003F4ACB /* SmartFormWearStyleScreen.swift in Sources */,
				2175244F2CB97B8200D19AC6 /* PromoBannerStruct.swift in Sources */,
				219356742CB99D10000C10E2 /* OrderArchive.swift in Sources */,
				21EFBF6A2CB7CD9B003F4ACB /* SmartFormWearTypeScreen.swift in Sources */,
				21EFBF6B2CB7CD9B003F4ACB /* StartSmartFormScreen.swift in Sources */,
				21EFBF6C2CB7CD9B003F4ACB /* StartStyleFormScreen.swift in Sources */,
				21EFBF6D2CB7CD9B003F4ACB /* StyleFormLikeColorScreen.swift in Sources */,
				21EFBF6E2CB7CD9B003F4ACB /* StyleFormLikeScreen.swift in Sources */,
				21EFBF6F2CB7CD9B003F4ACB /* TabScreen.swift in Sources */,
				21EFBF782CB7DD45003F4ACB /* StyleFormDislikeColorScreen.swift in Sources */,
				217524492CB9764A00D19AC6 /* PromoBanner.swift in Sources */,
			);
			runOnlyForDeploymentPostprocessing = 0;
		};
/* End PBXSourcesBuildPhase section */

/* Begin XCBuildConfiguration section */
		2199798D2CAFE2E5008688A5 /* Debug */ = {
			isa = XCBuildConfiguration;
			buildSettings = {
				ALWAYS_SEARCH_USER_PATHS = NO;
				ASSETCATALOG_COMPILER_GENERATE_SWIFT_ASSET_SYMBOL_EXTENSIONS = YES;
				CLANG_ANALYZER_NONNULL = YES;
				CLANG_ANALYZER_NUMBER_OBJECT_CONVERSION = YES_AGGRESSIVE;
				CLANG_CXX_LANGUAGE_STANDARD = "gnu++20";
				CLANG_ENABLE_MODULES = YES;
				CLANG_ENABLE_OBJC_ARC = YES;
				CLANG_ENABLE_OBJC_WEAK = YES;
				CLANG_WARN_BLOCK_CAPTURE_AUTORELEASING = YES;
				CLANG_WARN_BOOL_CONVERSION = YES;
				CLANG_WARN_COMMA = YES;
				CLANG_WARN_CONSTANT_CONVERSION = YES;
				CLANG_WARN_DEPRECATED_OBJC_IMPLEMENTATIONS = YES;
				CLANG_WARN_DIRECT_OBJC_ISA_USAGE = YES_ERROR;
				CLANG_WARN_DOCUMENTATION_COMMENTS = YES;
				CLANG_WARN_EMPTY_BODY = YES;
				CLANG_WARN_ENUM_CONVERSION = YES;
				CLANG_WARN_INFINITE_RECURSION = YES;
				CLANG_WARN_INT_CONVERSION = YES;
				CLANG_WARN_NON_LITERAL_NULL_CONVERSION = YES;
				CLANG_WARN_OBJC_IMPLICIT_RETAIN_SELF = YES;
				CLANG_WARN_OBJC_LITERAL_CONVERSION = YES;
				CLANG_WARN_OBJC_ROOT_CLASS = YES_ERROR;
				CLANG_WARN_QUOTED_INCLUDE_IN_FRAMEWORK_HEADER = YES;
				CLANG_WARN_RANGE_LOOP_ANALYSIS = YES;
				CLANG_WARN_STRICT_PROTOTYPES = YES;
				CLANG_WARN_SUSPICIOUS_MOVE = YES;
				CLANG_WARN_UNGUARDED_AVAILABILITY = YES_AGGRESSIVE;
				CLANG_WARN_UNREACHABLE_CODE = YES;
				CLANG_WARN__DUPLICATE_METHOD_MATCH = YES;
				COPY_PHASE_STRIP = NO;
				DEBUG_INFORMATION_FORMAT = dwarf;
				ENABLE_STRICT_OBJC_MSGSEND = YES;
				ENABLE_TESTABILITY = YES;
				ENABLE_USER_SCRIPT_SANDBOXING = YES;
				GCC_C_LANGUAGE_STANDARD = gnu17;
				GCC_DYNAMIC_NO_PIC = NO;
				GCC_NO_COMMON_BLOCKS = YES;
				GCC_OPTIMIZATION_LEVEL = 0;
				GCC_PREPROCESSOR_DEFINITIONS = (
					"DEBUG=1",
					"$(inherited)",
				);
				GCC_WARN_64_TO_32_BIT_CONVERSION = YES;
				GCC_WARN_ABOUT_RETURN_TYPE = YES_ERROR;
				GCC_WARN_UNDECLARED_SELECTOR = YES;
				GCC_WARN_UNINITIALIZED_AUTOS = YES_AGGRESSIVE;
				GCC_WARN_UNUSED_FUNCTION = YES;
				GCC_WARN_UNUSED_VARIABLE = YES;
				IPHONEOS_DEPLOYMENT_TARGET = 15.6;
				LOCALIZATION_PREFERS_STRING_CATALOGS = YES;
				MTL_ENABLE_DEBUG_INFO = INCLUDE_SOURCE;
				MTL_FAST_MATH = YES;
				ONLY_ACTIVE_ARCH = YES;
				SDKROOT = iphoneos;
				SWIFT_ACTIVE_COMPILATION_CONDITIONS = "DEBUG $(inherited)";
				SWIFT_OPTIMIZATION_LEVEL = "-Onone";
			};
			name = Debug;
		};
		2199798E2CAFE2E5008688A5 /* Release */ = {
			isa = XCBuildConfiguration;
			buildSettings = {
				ALWAYS_SEARCH_USER_PATHS = NO;
				ASSETCATALOG_COMPILER_GENERATE_SWIFT_ASSET_SYMBOL_EXTENSIONS = YES;
				CLANG_ANALYZER_NONNULL = YES;
				CLANG_ANALYZER_NUMBER_OBJECT_CONVERSION = YES_AGGRESSIVE;
				CLANG_CXX_LANGUAGE_STANDARD = "gnu++20";
				CLANG_ENABLE_MODULES = YES;
				CLANG_ENABLE_OBJC_ARC = YES;
				CLANG_ENABLE_OBJC_WEAK = YES;
				CLANG_WARN_BLOCK_CAPTURE_AUTORELEASING = YES;
				CLANG_WARN_BOOL_CONVERSION = YES;
				CLANG_WARN_COMMA = YES;
				CLANG_WARN_CONSTANT_CONVERSION = YES;
				CLANG_WARN_DEPRECATED_OBJC_IMPLEMENTATIONS = YES;
				CLANG_WARN_DIRECT_OBJC_ISA_USAGE = YES_ERROR;
				CLANG_WARN_DOCUMENTATION_COMMENTS = YES;
				CLANG_WARN_EMPTY_BODY = YES;
				CLANG_WARN_ENUM_CONVERSION = YES;
				CLANG_WARN_INFINITE_RECURSION = YES;
				CLANG_WARN_INT_CONVERSION = YES;
				CLANG_WARN_NON_LITERAL_NULL_CONVERSION = YES;
				CLANG_WARN_OBJC_IMPLICIT_RETAIN_SELF = YES;
				CLANG_WARN_OBJC_LITERAL_CONVERSION = YES;
				CLANG_WARN_OBJC_ROOT_CLASS = YES_ERROR;
				CLANG_WARN_QUOTED_INCLUDE_IN_FRAMEWORK_HEADER = YES;
				CLANG_WARN_RANGE_LOOP_ANALYSIS = YES;
				CLANG_WARN_STRICT_PROTOTYPES = YES;
				CLANG_WARN_SUSPICIOUS_MOVE = YES;
				CLANG_WARN_UNGUARDED_AVAILABILITY = YES_AGGRESSIVE;
				CLANG_WARN_UNREACHABLE_CODE = YES;
				CLANG_WARN__DUPLICATE_METHOD_MATCH = YES;
				COPY_PHASE_STRIP = NO;
				DEBUG_INFORMATION_FORMAT = "dwarf-with-dsym";
				ENABLE_NS_ASSERTIONS = NO;
				ENABLE_STRICT_OBJC_MSGSEND = YES;
				ENABLE_USER_SCRIPT_SANDBOXING = YES;
				GCC_C_LANGUAGE_STANDARD = gnu17;
				GCC_NO_COMMON_BLOCKS = YES;
				GCC_WARN_64_TO_32_BIT_CONVERSION = YES;
				GCC_WARN_ABOUT_RETURN_TYPE = YES_ERROR;
				GCC_WARN_UNDECLARED_SELECTOR = YES;
				GCC_WARN_UNINITIALIZED_AUTOS = YES_AGGRESSIVE;
				GCC_WARN_UNUSED_FUNCTION = YES;
				GCC_WARN_UNUSED_VARIABLE = YES;
				IPHONEOS_DEPLOYMENT_TARGET = 15.6;
				LOCALIZATION_PREFERS_STRING_CATALOGS = YES;
				MTL_ENABLE_DEBUG_INFO = NO;
				MTL_FAST_MATH = YES;
				SDKROOT = iphoneos;
				SWIFT_COMPILATION_MODE = wholemodule;
				VALIDATE_PRODUCT = YES;
			};
			name = Release;
		};
		219979902CAFE2E5008688A5 /* Debug */ = {
			isa = XCBuildConfiguration;
			baseConfigurationReference = 657396BD9539C9AA0E3540B6 /* Pods-shic.debug.xcconfig */;
			buildSettings = {
				ASSETCATALOG_COMPILER_APPICON_NAME = AppIcon;
				ASSETCATALOG_COMPILER_GLOBAL_ACCENT_COLOR_NAME = AccentColor;
				CODE_SIGN_ENTITLEMENTS = shic/core/shic.entitlements;
				CODE_SIGN_STYLE = Automatic;
				CURRENT_PROJECT_VERSION = 1;
				DEVELOPMENT_ASSET_PATHS = "\"shic/Preview Content\"";
				DEVELOPMENT_TEAM = QN6RC23FCQ;
				ENABLE_PREVIEWS = YES;
				ENABLE_USER_SCRIPT_SANDBOXING = NO;
				GENERATE_INFOPLIST_FILE = YES;
				INFOPLIST_FILE = shic/Core/Info.plist;
				INFOPLIST_KEY_CFBundleDisplayName = Shic;
				INFOPLIST_KEY_UIApplicationSceneManifest_Generation = YES;
				INFOPLIST_KEY_UIApplicationSupportsIndirectInputEvents = YES;
				INFOPLIST_KEY_UIStatusBarStyle = "";
				INFOPLIST_KEY_UISupportedInterfaceOrientations = UIInterfaceOrientationPortrait;
				IPHONEOS_DEPLOYMENT_TARGET = 15.6;
				LD_RUNPATH_SEARCH_PATHS = (
					"$(inherited)",
					"@executable_path/Frameworks",
				);
				MARKETING_VERSION = 1.0;
				PRODUCT_BUNDLE_IDENTIFIER = com.ruslanparastaev.shic;
				PRODUCT_NAME = "$(TARGET_NAME)";
				SUPPORTED_PLATFORMS = "iphoneos iphonesimulator";
				SUPPORTS_MACCATALYST = NO;
				SUPPORTS_MAC_DESIGNED_FOR_IPHONE_IPAD = NO;
				SUPPORTS_XR_DESIGNED_FOR_IPHONE_IPAD = NO;
				SWIFT_EMIT_LOC_STRINGS = YES;
				SWIFT_VERSION = 5.0;
				TARGETED_DEVICE_FAMILY = "1,2";
			};
			name = Debug;
		};
		219979912CAFE2E5008688A5 /* Release */ = {
			isa = XCBuildConfiguration;
			baseConfigurationReference = E43151C7A514D9FE6F0E2639 /* Pods-shic.release.xcconfig */;
			buildSettings = {
				ASSETCATALOG_COMPILER_APPICON_NAME = AppIcon;
				ASSETCATALOG_COMPILER_GLOBAL_ACCENT_COLOR_NAME = AccentColor;
				CODE_SIGN_ENTITLEMENTS = shic/core/shic.entitlements;
				CODE_SIGN_STYLE = Automatic;
				CURRENT_PROJECT_VERSION = 1;
				DEVELOPMENT_ASSET_PATHS = "\"shic/Preview Content\"";
				DEVELOPMENT_TEAM = QN6RC23FCQ;
				ENABLE_PREVIEWS = YES;
				ENABLE_USER_SCRIPT_SANDBOXING = NO;
				GENERATE_INFOPLIST_FILE = YES;
				INFOPLIST_FILE = shic/Core/Info.plist;
				INFOPLIST_KEY_CFBundleDisplayName = Shic;
				INFOPLIST_KEY_UIApplicationSceneManifest_Generation = YES;
				INFOPLIST_KEY_UIApplicationSupportsIndirectInputEvents = YES;
				INFOPLIST_KEY_UIStatusBarStyle = "";
				INFOPLIST_KEY_UISupportedInterfaceOrientations = UIInterfaceOrientationPortrait;
				IPHONEOS_DEPLOYMENT_TARGET = 15.6;
				LD_RUNPATH_SEARCH_PATHS = (
					"$(inherited)",
					"@executable_path/Frameworks",
				);
				MARKETING_VERSION = 1.0;
				PRODUCT_BUNDLE_IDENTIFIER = com.ruslanparastaev.shic;
				PRODUCT_NAME = "$(TARGET_NAME)";
				SUPPORTED_PLATFORMS = "iphoneos iphonesimulator";
				SUPPORTS_MACCATALYST = NO;
				SUPPORTS_MAC_DESIGNED_FOR_IPHONE_IPAD = NO;
				SUPPORTS_XR_DESIGNED_FOR_IPHONE_IPAD = NO;
				SWIFT_EMIT_LOC_STRINGS = YES;
				SWIFT_VERSION = 5.0;
				TARGETED_DEVICE_FAMILY = "1,2";
			};
			name = Release;
		};
/* End XCBuildConfiguration section */

/* Begin XCConfigurationList section */
		2199797C2CAFE2E4008688A5 /* Build configuration list for PBXProject "shic" */ = {
			isa = XCConfigurationList;
			buildConfigurations = (
				2199798D2CAFE2E5008688A5 /* Debug */,
				2199798E2CAFE2E5008688A5 /* Release */,
			);
			defaultConfigurationIsVisible = 0;
			defaultConfigurationName = Release;
		};
		2199798F2CAFE2E5008688A5 /* Build configuration list for PBXNativeTarget "shic" */ = {
			isa = XCConfigurationList;
			buildConfigurations = (
				219979902CAFE2E5008688A5 /* Debug */,
				219979912CAFE2E5008688A5 /* Release */,
			);
			defaultConfigurationIsVisible = 0;
			defaultConfigurationName = Release;
		};
/* End XCConfigurationList section */

/* Begin XCRemoteSwiftPackageReference section */
		21B23BFD2CBE609500C49DA4 /* XCRemoteSwiftPackageReference "ACarousel" */ = {
			isa = XCRemoteSwiftPackageReference;
			repositoryURL = "https://github.com/JWAutumn/ACarousel";
			requirement = {
				kind = upToNextMajorVersion;
				minimumVersion = 0.2.0;
			};
		};
/* End XCRemoteSwiftPackageReference section */

/* Begin XCSwiftPackageProductDependency section */
		21B23BFE2CBE609500C49DA4 /* ACarousel */ = {
			isa = XCSwiftPackageProductDependency;
			package = 21B23BFD2CBE609500C49DA4 /* XCRemoteSwiftPackageReference "ACarousel" */;
			productName = ACarousel;
		};
/* End XCSwiftPackageProductDependency section */
	};
	rootObject = 219979792CAFE2E4008688A5 /* Project object */;
}
